
Microsoft Visual Studio Solution File, Format Version 12.00
# Visual Studio Version 16
VisualStudioVersion = 16.0.29609.76
MinimumVisualStudioVersion = 10.0.40219.1
Project("{FAE04EC0-301F-11D3-BF4B-00C04F79EFBC}") = "BinarySearchTree", "BinarySearchTree.csproj", "{FDE7CB55-851D-4295-AA59-65C4C448CCA4}"
EndProject
Global
	GlobalSection(SolutionConfigurationPlatforms) = preSolution
		Debug|Any CPU = Debug|Any CPU
		Release|Any CPU = Release|Any CPU
	EndGlobalSection
	GlobalSection(ProjectConfigurationPlatforms) = postSolution
		{FDE7CB55-851D-4295-AA59-65C4C448CCA4}.Debug|Any CPU.ActiveCfg = Debug|Any CPU
		{FDE7CB55-851D-4295-AA59-65C4C448CCA4}.Debug|Any CPU.Build.0 = Debug|Any CPU
		{FDE7CB55-851D-4295-AA59-65C4C448CCA4}.Release|Any CPU.ActiveCfg = Release|Any CPU
		{FDE7CB55-851D-4295-AA59-65C4C448CCA4}.Release|Any CPU.Build.0 = Release|Any CPU
	EndGlobalSection
	GlobalSection(SolutionProperties) = preSolution
		HideSolutionNode = FALSE
	EndGlobalSection
	GlobalSection(ExtensibilityGlobals) = postSolution
		SolutionGuid = {116FF9EA-0E5F-4342-BB95-E4882572E256}
	EndGlobalSection
EndGlobal
